
Microsoft Visual Studio Solution File, Format Version 12.00
# Visual Studio Version 17
VisualStudioVersion = 17.11.35312.102
MinimumVisualStudioVersion = 10.0.40219.1
Project("{FAE04EC0-301F-11D3-BF4B-00C04F79EFBC}") = "AppRoteiros.Auth.Web", "AppRoteiros.Auth.Web\AppRoteiros.Auth.Web.csproj", "{DC0102CD-0DD4-4017-A603-9C21417466F3}"
EndProject
Global
	GlobalSection(SolutionConfigurationPlatforms) = preSolution
		Debug|Any CPU = Debug|Any CPU
		Release|Any CPU = Release|Any CPU
	EndGlobalSection
	GlobalSection(ProjectConfigurationPlatforms) = postSolution
		{DC0102CD-0DD4-4017-A603-9C21417466F3}.Debug|Any CPU.ActiveCfg = Debug|Any CPU
		{DC0102CD-0DD4-4017-A603-9C21417466F3}.Debug|Any CPU.Build.0 = Debug|Any CPU
		{DC0102CD-0DD4-4017-A603-9C21417466F3}.Release|Any CPU.ActiveCfg = Release|Any CPU
		{DC0102CD-0DD4-4017-A603-9C21417466F3}.Release|Any CPU.Build.0 = Release|Any CPU
	EndGlobalSection
	GlobalSection(SolutionProperties) = preSolution
		HideSolutionNode = FALSE
	EndGlobalSection
	GlobalSection(ExtensibilityGlobals) = postSolution
		SolutionGuid = {12CE57AB-BD01-4427-B44A-07CA0B3F2AF2}
	EndGlobalSection
EndGlobal
